// !$*UTF8*$!
{
	archiveVersion = 1;
	classes = {
	};
	objectVersion = 56;
	objects = {

/* Begin PBXBuildFile section */
		780000C929BB5DC3003C94B4 /* AppDelegate.swift in Sources */ = {isa = PBXBuildFile; fileRef = 780000C829BB5DC3003C94B4 /* AppDelegate.swift */; };
		780000CB29BB5DC3003C94B4 /* SceneDelegate.swift in Sources */ = {isa = PBXBuildFile; fileRef = 780000CA29BB5DC3003C94B4 /* SceneDelegate.swift */; };
		780000CD29BB5DC3003C94B4 /* MainViewController.swift in Sources */ = {isa = PBXBuildFile; fileRef = 780000CC29BB5DC3003C94B4 /* MainViewController.swift */; };
		780000D229BB5DC4003C94B4 /* Assets.xcassets in Resources */ = {isa = PBXBuildFile; fileRef = 780000D129BB5DC4003C94B4 /* Assets.xcassets */; };
		780000D529BB5DC4003C94B4 /* LaunchScreen.storyboard in Resources */ = {isa = PBXBuildFile; fileRef = 780000D329BB5DC4003C94B4 /* LaunchScreen.storyboard */; };
		780FEF9829C21EBA00D3E66B /* PodcastCollectionViewCell.swift in Sources */ = {isa = PBXBuildFile; fileRef = 780FEF9729C21EBA00D3E66B /* PodcastCollectionViewCell.swift */; };
		78269D6B29C0718B00BDBB62 /* ErrorResponse.swift in Sources */ = {isa = PBXBuildFile; fileRef = 78269D6A29C0718B00BDBB62 /* ErrorResponse.swift */; };
		78269D6D29C0727900BDBB62 /* DataRequest.swift in Sources */ = {isa = PBXBuildFile; fileRef = 78269D6C29C0727900BDBB62 /* DataRequest.swift */; };
		78269D7029C0748D00BDBB62 /* NetworkService.swift in Sources */ = {isa = PBXBuildFile; fileRef = 78269D6F29C0748D00BDBB62 /* NetworkService.swift */; };
		78269D7329C0752900BDBB62 /* PodcastRequest.swift in Sources */ = {isa = PBXBuildFile; fileRef = 78269D7229C0752900BDBB62 /* PodcastRequest.swift */; };
		78269D7729C076D400BDBB62 /* Podcast.swift in Sources */ = {isa = PBXBuildFile; fileRef = 78269D7629C076D400BDBB62 /* Podcast.swift */; };
		78269D7929C076E100BDBB62 /* PodcastResponse.swift in Sources */ = {isa = PBXBuildFile; fileRef = 78269D7829C076E100BDBB62 /* PodcastResponse.swift */; };
		786E716929C06FE3001849AC /* HTTPMethod.swift in Sources */ = {isa = PBXBuildFile; fileRef = 786E716829C06FE3001849AC /* HTTPMethod.swift */; };
		78EEB61429BF3E170056B4B9 /* MainView.swift in Sources */ = {isa = PBXBuildFile; fileRef = 78EEB61329BF3E170056B4B9 /* MainView.swift */; };
		78FBC8D329C3334E00B5BCCC /* UIImage+Extensions.swift in Sources */ = {isa = PBXBuildFile; fileRef = 78FBC8D229C3334E00B5BCCC /* UIImage+Extensions.swift */; };
/* End PBXBuildFile section */

/* Begin PBXFileReference section */
		780000C529BB5DC3003C94B4 /* iTunesClientApp.app */ = {isa = PBXFileReference; explicitFileType = wrapper.application; includeInIndex = 0; path = iTunesClientApp.app; sourceTree = BUILT_PRODUCTS_DIR; };
		780000C829BB5DC3003C94B4 /* AppDelegate.swift */ = {isa = PBXFileReference; lastKnownFileType = sourcecode.swift; path = AppDelegate.swift; sourceTree = "<group>"; };
		780000CA29BB5DC3003C94B4 /* SceneDelegate.swift */ = {isa = PBXFileReference; lastKnownFileType = sourcecode.swift; path = SceneDelegate.swift; sourceTree = "<group>"; };
		780000CC29BB5DC3003C94B4 /* MainViewController.swift */ = {isa = PBXFileReference; lastKnownFileType = sourcecode.swift; path = MainViewController.swift; sourceTree = "<group>"; };
		780000D129BB5DC4003C94B4 /* Assets.xcassets */ = {isa = PBXFileReference; lastKnownFileType = folder.assetcatalog; path = Assets.xcassets; sourceTree = "<group>"; };
		780000D429BB5DC4003C94B4 /* Base */ = {isa = PBXFileReference; lastKnownFileType = file.storyboard; name = Base; path = Base.lproj/LaunchScreen.storyboard; sourceTree = "<group>"; };
		780000D629BB5DC4003C94B4 /* Info.plist */ = {isa = PBXFileReference; lastKnownFileType = text.plist.xml; path = Info.plist; sourceTree = "<group>"; };
		780FEF9729C21EBA00D3E66B /* PodcastCollectionViewCell.swift */ = {isa = PBXFileReference; lastKnownFileType = sourcecode.swift; path = PodcastCollectionViewCell.swift; sourceTree = "<group>"; };
		78269D6A29C0718B00BDBB62 /* ErrorResponse.swift */ = {isa = PBXFileReference; lastKnownFileType = sourcecode.swift; path = ErrorResponse.swift; sourceTree = "<group>"; };
		78269D6C29C0727900BDBB62 /* DataRequest.swift */ = {isa = PBXFileReference; lastKnownFileType = sourcecode.swift; path = DataRequest.swift; sourceTree = "<group>"; };
		78269D6F29C0748D00BDBB62 /* NetworkService.swift */ = {isa = PBXFileReference; lastKnownFileType = sourcecode.swift; path = NetworkService.swift; sourceTree = "<group>"; };
		78269D7229C0752900BDBB62 /* PodcastRequest.swift */ = {isa = PBXFileReference; lastKnownFileType = sourcecode.swift; path = PodcastRequest.swift; sourceTree = "<group>"; };
		78269D7629C076D400BDBB62 /* Podcast.swift */ = {isa = PBXFileReference; lastKnownFileType = sourcecode.swift; path = Podcast.swift; sourceTree = "<group>"; };
		78269D7829C076E100BDBB62 /* PodcastResponse.swift */ = {isa = PBXFileReference; lastKnownFileType = sourcecode.swift; path = PodcastResponse.swift; sourceTree = "<group>"; };
		786E716829C06FE3001849AC /* HTTPMethod.swift */ = {isa = PBXFileReference; lastKnownFileType = sourcecode.swift; path = HTTPMethod.swift; sourceTree = "<group>"; };
		78EEB61329BF3E170056B4B9 /* MainView.swift */ = {isa = PBXFileReference; lastKnownFileType = sourcecode.swift; path = MainView.swift; sourceTree = "<group>"; };
		78FBC8D229C3334E00B5BCCC /* UIImage+Extensions.swift */ = {isa = PBXFileReference; lastKnownFileType = sourcecode.swift; path = "UIImage+Extensions.swift"; sourceTree = "<group>"; };
/* End PBXFileReference section */

/* Begin PBXFrameworksBuildPhase section */
		780000C229BB5DC3003C94B4 /* Frameworks */ = {
			isa = PBXFrameworksBuildPhase;
			buildActionMask = 2147483647;
			files = (
			);
			runOnlyForDeploymentPostprocessing = 0;
		};
/* End PBXFrameworksBuildPhase section */

/* Begin PBXGroup section */
		780000BC29BB5DC3003C94B4 = {
			isa = PBXGroup;
			children = (
				780000C729BB5DC3003C94B4 /* iTunesClientApp */,
				780000C629BB5DC3003C94B4 /* Products */,
			);
			sourceTree = "<group>";
		};
		780000C629BB5DC3003C94B4 /* Products */ = {
			isa = PBXGroup;
			children = (
				780000C529BB5DC3003C94B4 /* iTunesClientApp.app */,
			);
			name = Products;
			sourceTree = "<group>";
		};
		780000C729BB5DC3003C94B4 /* iTunesClientApp */ = {
			isa = PBXGroup;
			children = (
				780000DC29BB629C003C94B4 /* App */,
				780000DD29BB62A1003C94B4 /* Screens */,
			);
			path = iTunesClientApp;
			sourceTree = "<group>";
		};
		780000DC29BB629C003C94B4 /* App */ = {
			isa = PBXGroup;
			children = (
				78EEB61529BF3F320056B4B9 /* Core */,
				780000E229BB62ED003C94B4 /* Views */,
				780000E129BB62E8003C94B4 /* Plists */,
				780000E029BB62DE003C94B4 /* Assets */,
				780000DE29BB62BB003C94B4 /* Delegates */,
			);
			path = App;
			sourceTree = "<group>";
		};
		780000DD29BB62A1003C94B4 /* Screens */ = {
			isa = PBXGroup;
			children = (
				780000E329BB63B6003C94B4 /* Main */,
			);
			path = Screens;
			sourceTree = "<group>";
		};
		780000DE29BB62BB003C94B4 /* Delegates */ = {
			isa = PBXGroup;
			children = (
				780000C829BB5DC3003C94B4 /* AppDelegate.swift */,
				780000CA29BB5DC3003C94B4 /* SceneDelegate.swift */,
			);
			path = Delegates;
			sourceTree = "<group>";
		};
		780000E029BB62DE003C94B4 /* Assets */ = {
			isa = PBXGroup;
			children = (
				780000D129BB5DC4003C94B4 /* Assets.xcassets */,
			);
			path = Assets;
			sourceTree = "<group>";
		};
		780000E129BB62E8003C94B4 /* Plists */ = {
			isa = PBXGroup;
			children = (
				780000D629BB5DC4003C94B4 /* Info.plist */,
			);
			path = Plists;
			sourceTree = "<group>";
		};
		780000E229BB62ED003C94B4 /* Views */ = {
			isa = PBXGroup;
			children = (
				780000D329BB5DC4003C94B4 /* LaunchScreen.storyboard */,
			);
			path = Views;
			sourceTree = "<group>";
		};
		780000E329BB63B6003C94B4 /* Main */ = {
			isa = PBXGroup;
			children = (
				78269D7429C076BD00BDBB62 /* Model */,
				780000E529BB63C3003C94B4 /* Controller */,
				780000E429BB63BB003C94B4 /* View */,
			);
			path = Main;
			sourceTree = "<group>";
		};
		780000E429BB63BB003C94B4 /* View */ = {
			isa = PBXGroup;
			children = (
				78EEB61329BF3E170056B4B9 /* MainView.swift */,
				780FEF9729C21EBA00D3E66B /* PodcastCollectionViewCell.swift */,
			);
			path = View;
			sourceTree = "<group>";
		};
		780000E529BB63C3003C94B4 /* Controller */ = {
			isa = PBXGroup;
			children = (
				780000CC29BB5DC3003C94B4 /* MainViewController.swift */,
			);
			path = Controller;
			sourceTree = "<group>";
		};
		78269D6E29C0747700BDBB62 /* Services */ = {
			isa = PBXGroup;
			children = (
				78269D6F29C0748D00BDBB62 /* NetworkService.swift */,
			);
			path = Services;
			sourceTree = "<group>";
		};
		78269D7129C0751D00BDBB62 /* Requests */ = {
			isa = PBXGroup;
			children = (
				78269D7229C0752900BDBB62 /* PodcastRequest.swift */,
			);
			path = Requests;
			sourceTree = "<group>";
		};
		78269D7429C076BD00BDBB62 /* Model */ = {
			isa = PBXGroup;
			children = (
				78269D7629C076D400BDBB62 /* Podcast.swift */,
				78269D7829C076E100BDBB62 /* PodcastResponse.swift */,
			);
			path = Model;
			sourceTree = "<group>";
		};
		78EEB61529BF3F320056B4B9 /* Core */ = {
			isa = PBXGroup;
			children = (
				78FBC8D129C3333E00B5BCCC /* Extensions */,
				78EEB61629BF3F360056B4B9 /* Network */,
			);
			path = Core;
			sourceTree = "<group>";
		};
		78EEB61629BF3F360056B4B9 /* Network */ = {
			isa = PBXGroup;
			children = (
				78269D7129C0751D00BDBB62 /* Requests */,
				78269D6E29C0747700BDBB62 /* Services */,
				786E716829C06FE3001849AC /* HTTPMethod.swift */,
				78269D6A29C0718B00BDBB62 /* ErrorResponse.swift */,
				78269D6C29C0727900BDBB62 /* DataRequest.swift */,
			);
			path = Network;
			sourceTree = "<group>";
		};
		78FBC8D129C3333E00B5BCCC /* Extensions */ = {
			isa = PBXGroup;
			children = (
				78FBC8D229C3334E00B5BCCC /* UIImage+Extensions.swift */,
			);
			path = Extensions;
			sourceTree = "<group>";
		};
/* End PBXGroup section */

/* Begin PBXNativeTarget section */
		780000C429BB5DC3003C94B4 /* iTunesClientApp */ = {
			isa = PBXNativeTarget;
			buildConfigurationList = 780000D929BB5DC4003C94B4 /* Build configuration list for PBXNativeTarget "iTunesClientApp" */;
			buildPhases = (
				780000C129BB5DC3003C94B4 /* Sources */,
				780000C229BB5DC3003C94B4 /* Frameworks */,
				780000C329BB5DC3003C94B4 /* Resources */,
			);
			buildRules = (
			);
			dependencies = (
			);
			name = iTunesClientApp;
			productName = iTunesClientApp;
			productReference = 780000C529BB5DC3003C94B4 /* iTunesClientApp.app */;
			productType = "com.apple.product-type.application";
		};
/* End PBXNativeTarget section */

/* Begin PBXProject section */
		780000BD29BB5DC3003C94B4 /* Project object */ = {
			isa = PBXProject;
			attributes = {
				BuildIndependentTargetsInParallel = 1;
				LastSwiftUpdateCheck = 1420;
				LastUpgradeCheck = 1420;
				TargetAttributes = {
					780000C429BB5DC3003C94B4 = {
						CreatedOnToolsVersion = 14.2;
					};
				};
			};
			buildConfigurationList = 780000C029BB5DC3003C94B4 /* Build configuration list for PBXProject "iTunesClientApp" */;
			compatibilityVersion = "Xcode 14.0";
			developmentRegion = en;
			hasScannedForEncodings = 0;
			knownRegions = (
				en,
				Base,
			);
			mainGroup = 780000BC29BB5DC3003C94B4;
			productRefGroup = 780000C629BB5DC3003C94B4 /* Products */;
			projectDirPath = "";
			projectRoot = "";
			targets = (
				780000C429BB5DC3003C94B4 /* iTunesClientApp */,
			);
		};
/* End PBXProject section */

/* Begin PBXResourcesBuildPhase section */
		780000C329BB5DC3003C94B4 /* Resources */ = {
			isa = PBXResourcesBuildPhase;
			buildActionMask = 2147483647;
			files = (
				780000D529BB5DC4003C94B4 /* LaunchScreen.storyboard in Resources */,
				780000D229BB5DC4003C94B4 /* Assets.xcassets in Resources */,
			);
			runOnlyForDeploymentPostprocessing = 0;
		};
/* End PBXResourcesBuildPhase section */

/* Begin PBXSourcesBuildPhase section */
		780000C129BB5DC3003C94B4 /* Sources */ = {
			isa = PBXSourcesBuildPhase;
			buildActionMask = 2147483647;
			files = (
				78269D6D29C0727900BDBB62 /* DataRequest.swift in Sources */,
				78269D7329C0752900BDBB62 /* PodcastRequest.swift in Sources */,
				78269D7029C0748D00BDBB62 /* NetworkService.swift in Sources */,
				78269D7929C076E100BDBB62 /* PodcastResponse.swift in Sources */,
				78269D7729C076D400BDBB62 /* Podcast.swift in Sources */,
				780000CD29BB5DC3003C94B4 /* MainViewController.swift in Sources */,
				78EEB61429BF3E170056B4B9 /* MainView.swift in Sources */,
				780FEF9829C21EBA00D3E66B /* PodcastCollectionViewCell.swift in Sources */,
				780000C929BB5DC3003C94B4 /* AppDelegate.swift in Sources */,
				78269D6B29C0718B00BDBB62 /* ErrorResponse.swift in Sources */,
				78FBC8D329C3334E00B5BCCC /* UIImage+Extensions.swift in Sources */,
				786E716929C06FE3001849AC /* HTTPMethod.swift in Sources */,
				780000CB29BB5DC3003C94B4 /* SceneDelegate.swift in Sources */,
			);
			runOnlyForDeploymentPostprocessing = 0;
		};
/* End PBXSourcesBuildPhase section */

/* Begin PBXVariantGroup section */
		780000D329BB5DC4003C94B4 /* LaunchScreen.storyboard */ = {
			isa = PBXVariantGroup;
			children = (
				780000D429BB5DC4003C94B4 /* Base */,
			);
			name = LaunchScreen.storyboard;
			sourceTree = "<group>";
		};
/* End PBXVariantGroup section */

/* Begin XCBuildConfiguration section */
		780000D729BB5DC4003C94B4 /* Debug */ = {
			isa = XCBuildConfiguration;
			buildSettings = {
				ALWAYS_SEARCH_USER_PATHS = NO;
				CLANG_ANALYZER_NONNULL = YES;
				CLANG_ANALYZER_NUMBER_OBJECT_CONVERSION = YES_AGGRESSIVE;
				CLANG_CXX_LANGUAGE_STANDARD = "gnu++20";
				CLANG_ENABLE_MODULES = YES;
				CLANG_ENABLE_OBJC_ARC = YES;
				CLANG_ENABLE_OBJC_WEAK = YES;
				CLANG_WARN_BLOCK_CAPTURE_AUTORELEASING = YES;
				CLANG_WARN_BOOL_CONVERSION = YES;
				CLANG_WARN_COMMA = YES;
				CLANG_WARN_CONSTANT_CONVERSION = YES;
				CLANG_WARN_DEPRECATED_OBJC_IMPLEMENTATIONS = YES;
				CLANG_WARN_DIRECT_OBJC_ISA_USAGE = YES_ERROR;
				CLANG_WARN_DOCUMENTATION_COMMENTS = YES;
				CLANG_WARN_EMPTY_BODY = YES;
				CLANG_WARN_ENUM_CONVERSION = YES;
				CLANG_WARN_INFINITE_RECURSION = YES;
				CLANG_WARN_INT_CONVERSION = YES;
				CLANG_WARN_NON_LITERAL_NULL_CONVERSION = YES;
				CLANG_WARN_OBJC_IMPLICIT_RETAIN_SELF = YES;
				CLANG_WARN_OBJC_LITERAL_CONVERSION = YES;
				CLANG_WARN_OBJC_ROOT_CLASS = YES_ERROR;
				CLANG_WARN_QUOTED_INCLUDE_IN_FRAMEWORK_HEADER = YES;
				CLANG_WARN_RANGE_LOOP_ANALYSIS = YES;
				CLANG_WARN_STRICT_PROTOTYPES = YES;
				CLANG_WARN_SUSPICIOUS_MOVE = YES;
				CLANG_WARN_UNGUARDED_AVAILABILITY = YES_AGGRESSIVE;
				CLANG_WARN_UNREACHABLE_CODE = YES;
				CLANG_WARN__DUPLICATE_METHOD_MATCH = YES;
				COPY_PHASE_STRIP = NO;
				DEBUG_INFORMATION_FORMAT = dwarf;
				ENABLE_STRICT_OBJC_MSGSEND = YES;
				ENABLE_TESTABILITY = YES;
				GCC_C_LANGUAGE_STANDARD = gnu11;
				GCC_DYNAMIC_NO_PIC = NO;
				GCC_NO_COMMON_BLOCKS = YES;
				GCC_OPTIMIZATION_LEVEL = 0;
				GCC_PREPROCESSOR_DEFINITIONS = (
					"DEBUG=1",
					"$(inherited)",
				);
				GCC_WARN_64_TO_32_BIT_CONVERSION = YES;
				GCC_WARN_ABOUT_RETURN_TYPE = YES_ERROR;
				GCC_WARN_UNDECLARED_SELECTOR = YES;
				GCC_WARN_UNINITIALIZED_AUTOS = YES_AGGRESSIVE;
				GCC_WARN_UNUSED_FUNCTION = YES;
				GCC_WARN_UNUSED_VARIABLE = YES;
				IPHONEOS_DEPLOYMENT_TARGET = 16.2;
				MTL_ENABLE_DEBUG_INFO = INCLUDE_SOURCE;
				MTL_FAST_MATH = YES;
				ONLY_ACTIVE_ARCH = YES;
				SDKROOT = iphoneos;
				SWIFT_ACTIVE_COMPILATION_CONDITIONS = DEBUG;
				SWIFT_OPTIMIZATION_LEVEL = "-Onone";
			};
			name = Debug;
		};
		780000D829BB5DC4003C94B4 /* Release */ = {
			isa = XCBuildConfiguration;
			buildSettings = {
				ALWAYS_SEARCH_USER_PATHS = NO;
				CLANG_ANALYZER_NONNULL = YES;
				CLANG_ANALYZER_NUMBER_OBJECT_CONVERSION = YES_AGGRESSIVE;
				CLANG_CXX_LANGUAGE_STANDARD = "gnu++20";
				CLANG_ENABLE_MODULES = YES;
				CLANG_ENABLE_OBJC_ARC = YES;
				CLANG_ENABLE_OBJC_WEAK = YES;
				CLANG_WARN_BLOCK_CAPTURE_AUTORELEASING = YES;
				CLANG_WARN_BOOL_CONVERSION = YES;
				CLANG_WARN_COMMA = YES;
				CLANG_WARN_CONSTANT_CONVERSION = YES;
				CLANG_WARN_DEPRECATED_OBJC_IMPLEMENTATIONS = YES;
				CLANG_WARN_DIRECT_OBJC_ISA_USAGE = YES_ERROR;
				CLANG_WARN_DOCUMENTATION_COMMENTS = YES;
				CLANG_WARN_EMPTY_BODY = YES;
				CLANG_WARN_ENUM_CONVERSION = YES;
				CLANG_WARN_INFINITE_RECURSION = YES;
				CLANG_WARN_INT_CONVERSION = YES;
				CLANG_WARN_NON_LITERAL_NULL_CONVERSION = YES;
				CLANG_WARN_OBJC_IMPLICIT_RETAIN_SELF = YES;
				CLANG_WARN_OBJC_LITERAL_CONVERSION = YES;
				CLANG_WARN_OBJC_ROOT_CLASS = YES_ERROR;
				CLANG_WARN_QUOTED_INCLUDE_IN_FRAMEWORK_HEADER = YES;
				CLANG_WARN_RANGE_LOOP_ANALYSIS = YES;
				CLANG_WARN_STRICT_PROTOTYPES = YES;
				CLANG_WARN_SUSPICIOUS_MOVE = YES;
				CLANG_WARN_UNGUARDED_AVAILABILITY = YES_AGGRESSIVE;
				CLANG_WARN_UNREACHABLE_CODE = YES;
				CLANG_WARN__DUPLICATE_METHOD_MATCH = YES;
				COPY_PHASE_STRIP = NO;
				DEBUG_INFORMATION_FORMAT = "dwarf-with-dsym";
				ENABLE_NS_ASSERTIONS = NO;
				ENABLE_STRICT_OBJC_MSGSEND = YES;
				GCC_C_LANGUAGE_STANDARD = gnu11;
				GCC_NO_COMMON_BLOCKS = YES;
				GCC_WARN_64_TO_32_BIT_CONVERSION = YES;
				GCC_WARN_ABOUT_RETURN_TYPE = YES_ERROR;
				GCC_WARN_UNDECLARED_SELECTOR = YES;
				GCC_WARN_UNINITIALIZED_AUTOS = YES_AGGRESSIVE;
				GCC_WARN_UNUSED_FUNCTION = YES;
				GCC_WARN_UNUSED_VARIABLE = YES;
				IPHONEOS_DEPLOYMENT_TARGET = 16.2;
				MTL_ENABLE_DEBUG_INFO = NO;
				MTL_FAST_MATH = YES;
				SDKROOT = iphoneos;
				SWIFT_COMPILATION_MODE = wholemodule;
				SWIFT_OPTIMIZATION_LEVEL = "-O";
				VALIDATE_PRODUCT = YES;
			};
			name = Release;
		};
		780000DA29BB5DC4003C94B4 /* Debug */ = {
			isa = XCBuildConfiguration;
			buildSettings = {
				ASSETCATALOG_COMPILER_APPICON_NAME = AppIcon;
				ASSETCATALOG_COMPILER_GLOBAL_ACCENT_COLOR_NAME = AccentColor;
				CODE_SIGN_STYLE = Automatic;
				CURRENT_PROJECT_VERSION = 1;
				DEVELOPMENT_TEAM = L44A2FFS88;
				GENERATE_INFOPLIST_FILE = YES;
				INFOPLIST_FILE = iTunesClientApp/App/Plists/Info.plist;
				INFOPLIST_KEY_UIApplicationSupportsIndirectInputEvents = YES;
				INFOPLIST_KEY_UILaunchStoryboardName = LaunchScreen;
				INFOPLIST_KEY_UISupportedInterfaceOrientations = UIInterfaceOrientationPortrait;
				INFOPLIST_KEY_UISupportedInterfaceOrientations_iPad = "UIInterfaceOrientationLandscapeLeft UIInterfaceOrientationLandscapeRight UIInterfaceOrientationPortrait UIInterfaceOrientationPortraitUpsideDown";
				LD_RUNPATH_SEARCH_PATHS = (
					"$(inherited)",
					"@executable_path/Frameworks",
				);
				MARKETING_VERSION = 1.0;
				PRODUCT_BUNDLE_IDENTIFIER = com.my.app.iTunesClientApp;
				PRODUCT_NAME = "$(TARGET_NAME)";
				SUPPORTED_PLATFORMS = "iphoneos iphonesimulator";
				SUPPORTS_MACCATALYST = NO;
				SUPPORTS_MAC_DESIGNED_FOR_IPHONE_IPAD = NO;
				SWIFT_EMIT_LOC_STRINGS = YES;
				SWIFT_VERSION = 5.0;
				TARGETED_DEVICE_FAMILY = 1;
			};
			name = Debug;
		};
		780000DB29BB5DC4003C94B4 /* Release */ = {
			isa = XCBuildConfiguration;
			buildSettings = {
				ASSETCATALOG_COMPILER_APPICON_NAME = AppIcon;
				ASSETCATALOG_COMPILER_GLOBAL_ACCENT_COLOR_NAME = AccentColor;
				CODE_SIGN_STYLE = Automatic;
				CURRENT_PROJECT_VERSION = 1;
				DEVELOPMENT_TEAM = L44A2FFS88;
				GENERATE_INFOPLIST_FILE = YES;
				INFOPLIST_FILE = iTunesClientApp/App/Plists/Info.plist;
				INFOPLIST_KEY_UIApplicationSupportsIndirectInputEvents = YES;
				INFOPLIST_KEY_UILaunchStoryboardName = LaunchScreen;
				INFOPLIST_KEY_UISupportedInterfaceOrientations = UIInterfaceOrientationPortrait;
				INFOPLIST_KEY_UISupportedInterfaceOrientations_iPad = "UIInterfaceOrientationLandscapeLeft UIInterfaceOrientationLandscapeRight UIInterfaceOrientationPortrait UIInterfaceOrientationPortraitUpsideDown";
				LD_RUNPATH_SEARCH_PATHS = (
					"$(inherited)",
					"@executable_path/Frameworks",
				);
				MARKETING_VERSION = 1.0;
				PRODUCT_BUNDLE_IDENTIFIER = com.my.app.iTunesClientApp;
				PRODUCT_NAME = "$(TARGET_NAME)";
				SUPPORTED_PLATFORMS = "iphoneos iphonesimulator";
				SUPPORTS_MACCATALYST = NO;
				SUPPORTS_MAC_DESIGNED_FOR_IPHONE_IPAD = NO;
				SWIFT_EMIT_LOC_STRINGS = YES;
				SWIFT_VERSION = 5.0;
				TARGETED_DEVICE_FAMILY = 1;
			};
			name = Release;
		};
/* End XCBuildConfiguration section */

/* Begin XCConfigurationList section */
		780000C029BB5DC3003C94B4 /* Build configuration list for PBXProject "iTunesClientApp" */ = {
			isa = XCConfigurationList;
			buildConfigurations = (
				780000D729BB5DC4003C94B4 /* Debug */,
				780000D829BB5DC4003C94B4 /* Release */,
			);
			defaultConfigurationIsVisible = 0;
			defaultConfigurationName = Release;
		};
		780000D929BB5DC4003C94B4 /* Build configuration list for PBXNativeTarget "iTunesClientApp" */ = {
			isa = XCConfigurationList;
			buildConfigurations = (
				780000DA29BB5DC4003C94B4 /* Debug */,
				780000DB29BB5DC4003C94B4 /* Release */,
			);
			defaultConfigurationIsVisible = 0;
			defaultConfigurationName = Release;
		};
/* End XCConfigurationList section */
	};
	rootObject = 780000BD29BB5DC3003C94B4 /* Project object */;
}
